
Microsoft Visual Studio Solution File, Format Version 12.00
# Visual Studio Version 17
VisualStudioVersion = 17.14.36212.18 d17.14
MinimumVisualStudioVersion = 10.0.40219.1
Project("{FAE04EC0-301F-11D3-BF4B-00C04F79EFBC}") = "RadarClient", "RadarClient\RadarClient.csproj", "{733F7E6A-A7A6-4373-B27E-59C0E404DF26}"
EndProject
Project("{FAE04EC0-301F-11D3-BF4B-00C04F79EFBC}") = "RadarServer", "RadarServer\RadarServer.csproj", "{134BCBC8-1F11-478E-BBB9-AC35381BE0BC}"
EndProject
Global
	GlobalSection(SolutionConfigurationPlatforms) = preSolution
		Debug|Any CPU = Debug|Any CPU
		Release|Any CPU = Release|Any CPU
	EndGlobalSection
	GlobalSection(ProjectConfigurationPlatforms) = postSolution
		{733F7E6A-A7A6-4373-B27E-59C0E404DF26}.Debug|Any CPU.ActiveCfg = Debug|Any CPU
		{733F7E6A-A7A6-4373-B27E-59C0E404DF26}.Debug|Any CPU.Build.0 = Debug|Any CPU
		{733F7E6A-A7A6-4373-B27E-59C0E404DF26}.Release|Any CPU.ActiveCfg = Release|Any CPU
		{733F7E6A-A7A6-4373-B27E-59C0E404DF26}.Release|Any CPU.Build.0 = Release|Any CPU
		{134BCBC8-1F11-478E-BBB9-AC35381BE0BC}.Debug|Any CPU.ActiveCfg = Debug|Any CPU
		{134BCBC8-1F11-478E-BBB9-AC35381BE0BC}.Debug|Any CPU.Build.0 = Debug|Any CPU
		{134BCBC8-1F11-478E-BBB9-AC35381BE0BC}.Release|Any CPU.ActiveCfg = Release|Any CPU
		{134BCBC8-1F11-478E-BBB9-AC35381BE0BC}.Release|Any CPU.Build.0 = Release|Any CPU
	EndGlobalSection
	GlobalSection(SolutionProperties) = preSolution
		HideSolutionNode = FALSE
	EndGlobalSection
	GlobalSection(ExtensibilityGlobals) = postSolution
		SolutionGuid = {07B415C2-3B1A-4830-8D43-A8F979DDC586}
	EndGlobalSection
EndGlobal
